
Microsoft Visual Studio Solution File, Format Version 12.00
# Visual Studio Version 16
VisualStudioVersion = 16.0.32228.343
MinimumVisualStudioVersion = 10.0.40219.1
Project("{FAE04EC0-301F-11D3-BF4B-00C04F79EFBC}") = "primerIntentoTp1", "primerIntentoTp1\primerIntentoTp1.csproj", "{7E01C8B3-ED26-4B2A-BF06-EA35C0E4636B}"
EndProject
Project("{FAE04EC0-301F-11D3-BF4B-00C04F79EFBC}") = "Entidades", "Entidades\Entidades.csproj", "{CFEEC2BE-8ADB-4F98-A661-B14A0DAD0179}"
EndProject
Global
	GlobalSection(SolutionConfigurationPlatforms) = preSolution
		Debug|Any CPU = Debug|Any CPU
		Release|Any CPU = Release|Any CPU
	EndGlobalSection
	GlobalSection(ProjectConfigurationPlatforms) = postSolution
		{7E01C8B3-ED26-4B2A-BF06-EA35C0E4636B}.Debug|Any CPU.ActiveCfg = Debug|Any CPU
		{7E01C8B3-ED26-4B2A-BF06-EA35C0E4636B}.Debug|Any CPU.Build.0 = Debug|Any CPU
		{7E01C8B3-ED26-4B2A-BF06-EA35C0E4636B}.Release|Any CPU.ActiveCfg = Release|Any CPU
		{7E01C8B3-ED26-4B2A-BF06-EA35C0E4636B}.Release|Any CPU.Build.0 = Release|Any CPU
		{CFEEC2BE-8ADB-4F98-A661-B14A0DAD0179}.Debug|Any CPU.ActiveCfg = Debug|Any CPU
		{CFEEC2BE-8ADB-4F98-A661-B14A0DAD0179}.Debug|Any CPU.Build.0 = Debug|Any CPU
		{CFEEC2BE-8ADB-4F98-A661-B14A0DAD0179}.Release|Any CPU.ActiveCfg = Release|Any CPU
		{CFEEC2BE-8ADB-4F98-A661-B14A0DAD0179}.Release|Any CPU.Build.0 = Release|Any CPU
	EndGlobalSection
	GlobalSection(SolutionProperties) = preSolution
		HideSolutionNode = FALSE
	EndGlobalSection
	GlobalSection(ExtensibilityGlobals) = postSolution
		SolutionGuid = {A5590423-E922-4045-B299-1C43233B5286}
	EndGlobalSection
EndGlobal
